
Microsoft Visual Studio Solution File, Format Version 12.00
# Visual Studio Version 17
VisualStudioVersion = 17.4.33205.214
MinimumVisualStudioVersion = 10.0.40219.1
Project("{FAE04EC0-301F-11D3-BF4B-00C04F79EFBC}") = "LojaDiversidades", "LojaDiversidades\LojaDiversidades.csproj", "{0A3A176F-C8FB-41B9-9E02-5F9A3F003739}"
EndProject
Global
	GlobalSection(SolutionConfigurationPlatforms) = preSolution
		Debug|Any CPU = Debug|Any CPU
		Release|Any CPU = Release|Any CPU
	EndGlobalSection
	GlobalSection(ProjectConfigurationPlatforms) = postSolution
		{0A3A176F-C8FB-41B9-9E02-5F9A3F003739}.Debug|Any CPU.ActiveCfg = Debug|Any CPU
		{0A3A176F-C8FB-41B9-9E02-5F9A3F003739}.Debug|Any CPU.Build.0 = Debug|Any CPU
		{0A3A176F-C8FB-41B9-9E02-5F9A3F003739}.Release|Any CPU.ActiveCfg = Release|Any CPU
		{0A3A176F-C8FB-41B9-9E02-5F9A3F003739}.Release|Any CPU.Build.0 = Release|Any CPU
	EndGlobalSection
	GlobalSection(SolutionProperties) = preSolution
		HideSolutionNode = FALSE
	EndGlobalSection
	GlobalSection(ExtensibilityGlobals) = postSolution
		SolutionGuid = {E042B466-D5D8-4AAF-997E-45FBAFB7169C}
	EndGlobalSection
EndGlobal
